// !$*UTF8*$!
{
	archiveVersion = 1;
	classes = {
	};
	objectVersion = 52;
	objects = {

/* Begin PBXBuildFile section */
		05C91FD639D32FF4A171E683 /* Pods_RanFactTests.framework in Frameworks */ = {isa = PBXBuildFile; fileRef = FBFAB8A6FF5FFC20AB269C9F /* Pods_RanFactTests.framework */; };
		40F263E889760F7A55851AB1 /* Pods_RanFact_RanFactUITests.framework in Frameworks */ = {isa = PBXBuildFile; fileRef = 4006EE66664F3C792342F948 /* Pods_RanFact_RanFactUITests.framework */; };
		8C793819B91022410E064A66 /* Pods_RanFact.framework in Frameworks */ = {isa = PBXBuildFile; fileRef = 4CE9D09A45C4A7213722929C /* Pods_RanFact.framework */; };
		B4252A242688DA1E00D2D426 /* TriviaView.swift in Sources */ = {isa = PBXBuildFile; fileRef = B4252A232688DA1E00D2D426 /* TriviaView.swift */; };
		B4252A262688DEF100D2D426 /* DateView.swift in Sources */ = {isa = PBXBuildFile; fileRef = B4252A252688DEF100D2D426 /* DateView.swift */; };
		B4348F8C264C33200081AE00 /* Assets.xcassets in Resources */ = {isa = PBXBuildFile; fileRef = B4348F8B264C33200081AE00 /* Assets.xcassets */; };
		B4348F9126511C8B0081AE00 /* RandomView.swift in Sources */ = {isa = PBXBuildFile; fileRef = B4348F9026511C8B0081AE00 /* RandomView.swift */; };
		B4348F9326511CE80081AE00 /* MathView.swift in Sources */ = {isa = PBXBuildFile; fileRef = B4348F9226511CE80081AE00 /* MathView.swift */; };
		B4348F972651242A0081AE00 /* RandomFactViewModel.swift in Sources */ = {isa = PBXBuildFile; fileRef = B4348F962651242A0081AE00 /* RandomFactViewModel.swift */; };
		B43ED26B26498096001078EA /* RanFactApp.swift in Sources */ = {isa = PBXBuildFile; fileRef = B43ED26A26498096001078EA /* RanFactApp.swift */; };
		B43ED26D26498096001078EA /* ContentView.swift in Sources */ = {isa = PBXBuildFile; fileRef = B43ED26C26498096001078EA /* ContentView.swift */; };
		B43ED27226498098001078EA /* Preview Assets.xcassets in Resources */ = {isa = PBXBuildFile; fileRef = B43ED27126498098001078EA /* Preview Assets.xcassets */; };
		B43ED27426498098001078EA /* Persistence.swift in Sources */ = {isa = PBXBuildFile; fileRef = B43ED27326498098001078EA /* Persistence.swift */; };
		B43ED27726498098001078EA /* RanFact.xcdatamodeld in Sources */ = {isa = PBXBuildFile; fileRef = B43ED27526498098001078EA /* RanFact.xcdatamodeld */; };
		B43ED28226498098001078EA /* RanFactTests.swift in Sources */ = {isa = PBXBuildFile; fileRef = B43ED28126498098001078EA /* RanFactTests.swift */; };
		B43ED28D26498098001078EA /* RanFactUITests.swift in Sources */ = {isa = PBXBuildFile; fileRef = B43ED28C26498098001078EA /* RanFactUITests.swift */; };
		B461BCE3265B85A400E9514C /* RandomFactModel.swift in Sources */ = {isa = PBXBuildFile; fileRef = B461BCE2265B85A400E9514C /* RandomFactModel.swift */; };
		B461BCE6265C022700E9514C /* API.swift in Sources */ = {isa = PBXBuildFile; fileRef = B461BCE5265C022700E9514C /* API.swift */; };
		B4A145F22666A6950014A8F0 /* GoogleService-Info.plist in Resources */ = {isa = PBXBuildFile; fileRef = B4A145F12666A6950014A8F0 /* GoogleService-Info.plist */; };
		B4A145F32666A6950014A8F0 /* GoogleService-Info.plist in Resources */ = {isa = PBXBuildFile; fileRef = B4A145F12666A6950014A8F0 /* GoogleService-Info.plist */; };
		B4BBAAC42666951E00E42F74 /* FirebaseMessaging in Frameworks */ = {isa = PBXBuildFile; productRef = B4BBAAC32666951E00E42F74 /* FirebaseMessaging */; };
		B4CDF9E9264AD13400B7EA6B /* MainView.swift in Sources */ = {isa = PBXBuildFile; fileRef = B4CDF9E8264AD13400B7EA6B /* MainView.swift */; };
		B4CDF9EB264AD18B00B7EA6B /* YearView.swift in Sources */ = {isa = PBXBuildFile; fileRef = B4CDF9EA264AD18B00B7EA6B /* YearView.swift */; };
		B4FFB7A226526620003E300E /* ShareSheet.swift in Sources */ = {isa = PBXBuildFile; fileRef = B4FFB7A126526620003E300E /* ShareSheet.swift */; };
/* End PBXBuildFile section */

/* Begin PBXContainerItemProxy section */
		B43ED27E26498098001078EA /* PBXContainerItemProxy */ = {
			isa = PBXContainerItemProxy;
			containerPortal = B43ED25F26498096001078EA /* Project object */;
			proxyType = 1;
			remoteGlobalIDString = B43ED26626498096001078EA;
			remoteInfo = RanFact;
		};
		B43ED28926498098001078EA /* PBXContainerItemProxy */ = {
			isa = PBXContainerItemProxy;
			containerPortal = B43ED25F26498096001078EA /* Project object */;
			proxyType = 1;
			remoteGlobalIDString = B43ED26626498096001078EA;
			remoteInfo = RanFact;
		};
/* End PBXContainerItemProxy section */

/* Begin PBXFileReference section */
		20E2057B11290A8F0D60ACE3 /* Pods-RanFact-RanFactUITests.debug.xcconfig */ = {isa = PBXFileReference; includeInIndex = 1; lastKnownFileType = text.xcconfig; name = "Pods-RanFact-RanFactUITests.debug.xcconfig"; path = "Target Support Files/Pods-RanFact-RanFactUITests/Pods-RanFact-RanFactUITests.debug.xcconfig"; sourceTree = "<group>"; };
		25A855B839F61A43B1FF0B94 /* Pods-RanFact.debug.xcconfig */ = {isa = PBXFileReference; includeInIndex = 1; lastKnownFileType = text.xcconfig; name = "Pods-RanFact.debug.xcconfig"; path = "Target Support Files/Pods-RanFact/Pods-RanFact.debug.xcconfig"; sourceTree = "<group>"; };
		39EBCDC57713B0366C86B600 /* Pods-RanFact-RanFactUITests.release.xcconfig */ = {isa = PBXFileReference; includeInIndex = 1; lastKnownFileType = text.xcconfig; name = "Pods-RanFact-RanFactUITests.release.xcconfig"; path = "Target Support Files/Pods-RanFact-RanFactUITests/Pods-RanFact-RanFactUITests.release.xcconfig"; sourceTree = "<group>"; };
		4006EE66664F3C792342F948 /* Pods_RanFact_RanFactUITests.framework */ = {isa = PBXFileReference; explicitFileType = wrapper.framework; includeInIndex = 0; path = Pods_RanFact_RanFactUITests.framework; sourceTree = BUILT_PRODUCTS_DIR; };
		4CE9D09A45C4A7213722929C /* Pods_RanFact.framework */ = {isa = PBXFileReference; explicitFileType = wrapper.framework; includeInIndex = 0; path = Pods_RanFact.framework; sourceTree = BUILT_PRODUCTS_DIR; };
		5C4BE11DC2CC86C6EC0E7D66 /* Pods-RanFactTests.debug.xcconfig */ = {isa = PBXFileReference; includeInIndex = 1; lastKnownFileType = text.xcconfig; name = "Pods-RanFactTests.debug.xcconfig"; path = "Target Support Files/Pods-RanFactTests/Pods-RanFactTests.debug.xcconfig"; sourceTree = "<group>"; };
		AF638395CC6EA1B364595957 /* Pods-RanFactTests.release.xcconfig */ = {isa = PBXFileReference; includeInIndex = 1; lastKnownFileType = text.xcconfig; name = "Pods-RanFactTests.release.xcconfig"; path = "Target Support Files/Pods-RanFactTests/Pods-RanFactTests.release.xcconfig"; sourceTree = "<group>"; };
		B4252A232688DA1E00D2D426 /* TriviaView.swift */ = {isa = PBXFileReference; lastKnownFileType = sourcecode.swift; path = TriviaView.swift; sourceTree = "<group>"; };
		B4252A252688DEF100D2D426 /* DateView.swift */ = {isa = PBXFileReference; lastKnownFileType = sourcecode.swift; path = DateView.swift; sourceTree = "<group>"; };
		B4348F8B264C33200081AE00 /* Assets.xcassets */ = {isa = PBXFileReference; lastKnownFileType = folder.assetcatalog; path = Assets.xcassets; sourceTree = "<group>"; };
		B4348F9026511C8B0081AE00 /* RandomView.swift */ = {isa = PBXFileReference; lastKnownFileType = sourcecode.swift; path = RandomView.swift; sourceTree = "<group>"; };
		B4348F9226511CE80081AE00 /* MathView.swift */ = {isa = PBXFileReference; lastKnownFileType = sourcecode.swift; path = MathView.swift; sourceTree = "<group>"; };
		B4348F962651242A0081AE00 /* RandomFactViewModel.swift */ = {isa = PBXFileReference; lastKnownFileType = sourcecode.swift; path = RandomFactViewModel.swift; sourceTree = "<group>"; };
		B43ED26726498096001078EA /* RanFact.app */ = {isa = PBXFileReference; explicitFileType = wrapper.application; includeInIndex = 0; path = RanFact.app; sourceTree = BUILT_PRODUCTS_DIR; };
		B43ED26A26498096001078EA /* RanFactApp.swift */ = {isa = PBXFileReference; lastKnownFileType = sourcecode.swift; path = RanFactApp.swift; sourceTree = "<group>"; };
		B43ED26C26498096001078EA /* ContentView.swift */ = {isa = PBXFileReference; lastKnownFileType = sourcecode.swift; path = ContentView.swift; sourceTree = "<group>"; };
		B43ED27126498098001078EA /* Preview Assets.xcassets */ = {isa = PBXFileReference; lastKnownFileType = folder.assetcatalog; path = "Preview Assets.xcassets"; sourceTree = "<group>"; };
		B43ED27326498098001078EA /* Persistence.swift */ = {isa = PBXFileReference; lastKnownFileType = sourcecode.swift; path = Persistence.swift; sourceTree = "<group>"; };
		B43ED27626498098001078EA /* RanFact.xcdatamodel */ = {isa = PBXFileReference; lastKnownFileType = wrapper.xcdatamodel; path = RanFact.xcdatamodel; sourceTree = "<group>"; };
		B43ED27826498098001078EA /* Info.plist */ = {isa = PBXFileReference; lastKnownFileType = text.plist.xml; path = Info.plist; sourceTree = "<group>"; };
		B43ED27D26498098001078EA /* RanFactTests.xctest */ = {isa = PBXFileReference; explicitFileType = wrapper.cfbundle; includeInIndex = 0; path = RanFactTests.xctest; sourceTree = BUILT_PRODUCTS_DIR; };
		B43ED28126498098001078EA /* RanFactTests.swift */ = {isa = PBXFileReference; lastKnownFileType = sourcecode.swift; path = RanFactTests.swift; sourceTree = "<group>"; };
		B43ED28326498098001078EA /* Info.plist */ = {isa = PBXFileReference; lastKnownFileType = text.plist.xml; path = Info.plist; sourceTree = "<group>"; };
		B43ED28826498098001078EA /* RanFactUITests.xctest */ = {isa = PBXFileReference; explicitFileType = wrapper.cfbundle; includeInIndex = 0; path = RanFactUITests.xctest; sourceTree = BUILT_PRODUCTS_DIR; };
		B43ED28C26498098001078EA /* RanFactUITests.swift */ = {isa = PBXFileReference; lastKnownFileType = sourcecode.swift; path = RanFactUITests.swift; sourceTree = "<group>"; };
		B43ED28E26498098001078EA /* Info.plist */ = {isa = PBXFileReference; lastKnownFileType = text.plist.xml; path = Info.plist; sourceTree = "<group>"; };
		B461BCE2265B85A400E9514C /* RandomFactModel.swift */ = {isa = PBXFileReference; lastKnownFileType = sourcecode.swift; path = RandomFactModel.swift; sourceTree = "<group>"; };
		B461BCE5265C022700E9514C /* API.swift */ = {isa = PBXFileReference; lastKnownFileType = sourcecode.swift; path = API.swift; sourceTree = "<group>"; };
		B4A145F12666A6950014A8F0 /* GoogleService-Info.plist */ = {isa = PBXFileReference; lastKnownFileType = text.plist; path = "GoogleService-Info.plist"; sourceTree = SOURCE_ROOT; };
		B4BBAAC126668D9F00E42F74 /* RanFact.entitlements */ = {isa = PBXFileReference; lastKnownFileType = text.plist.entitlements; path = RanFact.entitlements; sourceTree = "<group>"; };
		B4CDF9E8264AD13400B7EA6B /* MainView.swift */ = {isa = PBXFileReference; lastKnownFileType = sourcecode.swift; path = MainView.swift; sourceTree = "<group>"; };
		B4CDF9EA264AD18B00B7EA6B /* YearView.swift */ = {isa = PBXFileReference; lastKnownFileType = sourcecode.swift; path = YearView.swift; sourceTree = "<group>"; };
		B4FFB7A126526620003E300E /* ShareSheet.swift */ = {isa = PBXFileReference; lastKnownFileType = sourcecode.swift; path = ShareSheet.swift; sourceTree = "<group>"; };
		E48EF32670E02DE456F8587B /* Pods-RanFact.release.xcconfig */ = {isa = PBXFileReference; includeInIndex = 1; lastKnownFileType = text.xcconfig; name = "Pods-RanFact.release.xcconfig"; path = "Target Support Files/Pods-RanFact/Pods-RanFact.release.xcconfig"; sourceTree = "<group>"; };
		FBFAB8A6FF5FFC20AB269C9F /* Pods_RanFactTests.framework */ = {isa = PBXFileReference; explicitFileType = wrapper.framework; includeInIndex = 0; path = Pods_RanFactTests.framework; sourceTree = BUILT_PRODUCTS_DIR; };
/* End PBXFileReference section */

/* Begin PBXFrameworksBuildPhase section */
		B43ED26426498096001078EA /* Frameworks */ = {
			isa = PBXFrameworksBuildPhase;
			buildActionMask = 2147483647;
			files = (
				B4BBAAC42666951E00E42F74 /* FirebaseMessaging in Frameworks */,
				8C793819B91022410E064A66 /* Pods_RanFact.framework in Frameworks */,
			);
			runOnlyForDeploymentPostprocessing = 0;
		};
		B43ED27A26498098001078EA /* Frameworks */ = {
			isa = PBXFrameworksBuildPhase;
			buildActionMask = 2147483647;
			files = (
				05C91FD639D32FF4A171E683 /* Pods_RanFactTests.framework in Frameworks */,
			);
			runOnlyForDeploymentPostprocessing = 0;
		};
		B43ED28526498098001078EA /* Frameworks */ = {
			isa = PBXFrameworksBuildPhase;
			buildActionMask = 2147483647;
			files = (
				40F263E889760F7A55851AB1 /* Pods_RanFact_RanFactUITests.framework in Frameworks */,
			);
			runOnlyForDeploymentPostprocessing = 0;
		};
/* End PBXFrameworksBuildPhase section */

/* Begin PBXGroup section */
		075DB01946EF6E551A733E33 /* Pods */ = {
			isa = PBXGroup;
			children = (
				25A855B839F61A43B1FF0B94 /* Pods-RanFact.debug.xcconfig */,
				E48EF32670E02DE456F8587B /* Pods-RanFact.release.xcconfig */,
				20E2057B11290A8F0D60ACE3 /* Pods-RanFact-RanFactUITests.debug.xcconfig */,
				39EBCDC57713B0366C86B600 /* Pods-RanFact-RanFactUITests.release.xcconfig */,
				5C4BE11DC2CC86C6EC0E7D66 /* Pods-RanFactTests.debug.xcconfig */,
				AF638395CC6EA1B364595957 /* Pods-RanFactTests.release.xcconfig */,
			);
			path = Pods;
			sourceTree = "<group>";
		};
		A187BA16E189823897E4120B /* Frameworks */ = {
			isa = PBXGroup;
			children = (
				4CE9D09A45C4A7213722929C /* Pods_RanFact.framework */,
				4006EE66664F3C792342F948 /* Pods_RanFact_RanFactUITests.framework */,
				FBFAB8A6FF5FFC20AB269C9F /* Pods_RanFactTests.framework */,
			);
			name = Frameworks;
			sourceTree = "<group>";
		};
		B4348F89264C32AC0081AE00 /* View */ = {
			isa = PBXGroup;
			children = (
				B43ED26C26498096001078EA /* ContentView.swift */,
				B4CDF9E8264AD13400B7EA6B /* MainView.swift */,
				B4CDF9EA264AD18B00B7EA6B /* YearView.swift */,
				B4348F9026511C8B0081AE00 /* RandomView.swift */,
				B4348F9226511CE80081AE00 /* MathView.swift */,
				B4252A232688DA1E00D2D426 /* TriviaView.swift */,
				B4252A252688DEF100D2D426 /* DateView.swift */,
			);
			path = View;
			sourceTree = "<group>";
		};
		B4348F8A264C32B70081AE00 /* Model */ = {
			isa = PBXGroup;
			children = (
				B43ED27326498098001078EA /* Persistence.swift */,
				B43ED27526498098001078EA /* RanFact.xcdatamodeld */,
				B461BCE2265B85A400E9514C /* RandomFactModel.swift */,
			);
			path = Model;
			sourceTree = "<group>";
		};
		B4348F8F265117F30081AE00 /* ViewModel */ = {
			isa = PBXGroup;
			children = (
				B4348F962651242A0081AE00 /* RandomFactViewModel.swift */,
			);
			path = ViewModel;
			sourceTree = "<group>";
		};
		B43ED25E26498096001078EA = {
			isa = PBXGroup;
			children = (
				B43ED26926498096001078EA /* RanFact */,
				B43ED28026498098001078EA /* RanFactTests */,
				B43ED28B26498098001078EA /* RanFactUITests */,
				B43ED26826498096001078EA /* Products */,
				075DB01946EF6E551A733E33 /* Pods */,
				A187BA16E189823897E4120B /* Frameworks */,
			);
			sourceTree = "<group>";
		};
		B43ED26826498096001078EA /* Products */ = {
			isa = PBXGroup;
			children = (
				B43ED26726498096001078EA /* RanFact.app */,
				B43ED27D26498098001078EA /* RanFactTests.xctest */,
				B43ED28826498098001078EA /* RanFactUITests.xctest */,
			);
			name = Products;
			sourceTree = "<group>";
		};
		B43ED26926498096001078EA /* RanFact */ = {
			isa = PBXGroup;
			children = (
				B4BBAAC126668D9F00E42F74 /* RanFact.entitlements */,
				B43ED26A26498096001078EA /* RanFactApp.swift */,
				B461BCE4265C020C00E9514C /* Networking */,
				B4FFB7A0265265F6003E300E /* Helper */,
				B4348F89264C32AC0081AE00 /* View */,
				B4348F8F265117F30081AE00 /* ViewModel */,
				B4348F8A264C32B70081AE00 /* Model */,
				B43ED27826498098001078EA /* Info.plist */,
				B4348F8B264C33200081AE00 /* Assets.xcassets */,
				B4A145F12666A6950014A8F0 /* GoogleService-Info.plist */,
				B43ED27026498098001078EA /* Preview Content */,
			);
			path = RanFact;
			sourceTree = "<group>";
		};
		B43ED27026498098001078EA /* Preview Content */ = {
			isa = PBXGroup;
			children = (
				B43ED27126498098001078EA /* Preview Assets.xcassets */,
			);
			path = "Preview Content";
			sourceTree = "<group>";
		};
		B43ED28026498098001078EA /* RanFactTests */ = {
			isa = PBXGroup;
			children = (
				B43ED28126498098001078EA /* RanFactTests.swift */,
				B43ED28326498098001078EA /* Info.plist */,
			);
			path = RanFactTests;
			sourceTree = "<group>";
		};
		B43ED28B26498098001078EA /* RanFactUITests */ = {
			isa = PBXGroup;
			children = (
				B43ED28C26498098001078EA /* RanFactUITests.swift */,
				B43ED28E26498098001078EA /* Info.plist */,
			);
			path = RanFactUITests;
			sourceTree = "<group>";
		};
		B461BCE4265C020C00E9514C /* Networking */ = {
			isa = PBXGroup;
			children = (
				B461BCE5265C022700E9514C /* API.swift */,
			);
			path = Networking;
			sourceTree = "<group>";
		};
		B4FFB7A0265265F6003E300E /* Helper */ = {
			isa = PBXGroup;
			children = (
				B4FFB7A126526620003E300E /* ShareSheet.swift */,
			);
			path = Helper;
			sourceTree = "<group>";
		};
/* End PBXGroup section */

/* Begin PBXNativeTarget section */
		B43ED26626498096001078EA /* RanFact */ = {
			isa = PBXNativeTarget;
			buildConfigurationList = B43ED29126498098001078EA /* Build configuration list for PBXNativeTarget "RanFact" */;
			buildPhases = (
				B6CFA3A4158D446867F7712F /* [CP] Check Pods Manifest.lock */,
				B43ED26326498096001078EA /* Sources */,
				B43ED26426498096001078EA /* Frameworks */,
				B43ED26526498096001078EA /* Resources */,
			);
			buildRules = (
			);
			dependencies = (
			);
			name = RanFact;
			packageProductDependencies = (
				B4BBAAC32666951E00E42F74 /* FirebaseMessaging */,
			);
			productName = RanFact;
			productReference = B43ED26726498096001078EA /* RanFact.app */;
			productType = "com.apple.product-type.application";
		};
		B43ED27C26498098001078EA /* RanFactTests */ = {
			isa = PBXNativeTarget;
			buildConfigurationList = B43ED29426498098001078EA /* Build configuration list for PBXNativeTarget "RanFactTests" */;
			buildPhases = (
				7996428050310BC721B4E265 /* [CP] Check Pods Manifest.lock */,
				B43ED27926498098001078EA /* Sources */,
				B43ED27A26498098001078EA /* Frameworks */,
				B43ED27B26498098001078EA /* Resources */,
			);
			buildRules = (
			);
			dependencies = (
				B43ED27F26498098001078EA /* PBXTargetDependency */,
			);
			name = RanFactTests;
			productName = RanFactTests;
			productReference = B43ED27D26498098001078EA /* RanFactTests.xctest */;
			productType = "com.apple.product-type.bundle.unit-test";
		};
		B43ED28726498098001078EA /* RanFactUITests */ = {
			isa = PBXNativeTarget;
			buildConfigurationList = B43ED29726498098001078EA /* Build configuration list for PBXNativeTarget "RanFactUITests" */;
			buildPhases = (
				3D142D3FE0F2DEE714BE2FFD /* [CP] Check Pods Manifest.lock */,
				B43ED28426498098001078EA /* Sources */,
				B43ED28526498098001078EA /* Frameworks */,
				B43ED28626498098001078EA /* Resources */,
			);
			buildRules = (
			);
			dependencies = (
				B43ED28A26498098001078EA /* PBXTargetDependency */,
			);
			name = RanFactUITests;
			productName = RanFactUITests;
			productReference = B43ED28826498098001078EA /* RanFactUITests.xctest */;
			productType = "com.apple.product-type.bundle.ui-testing";
		};
/* End PBXNativeTarget section */

/* Begin PBXProject section */
		B43ED25F26498096001078EA /* Project object */ = {
			isa = PBXProject;
			attributes = {
				LastSwiftUpdateCheck = 1250;
				LastUpgradeCheck = 1250;
				TargetAttributes = {
					B43ED26626498096001078EA = {
						CreatedOnToolsVersion = 12.5;
					};
					B43ED27C26498098001078EA = {
						CreatedOnToolsVersion = 12.5;
						TestTargetID = B43ED26626498096001078EA;
					};
					B43ED28726498098001078EA = {
						CreatedOnToolsVersion = 12.5;
						TestTargetID = B43ED26626498096001078EA;
					};
				};
			};
			buildConfigurationList = B43ED26226498096001078EA /* Build configuration list for PBXProject "RanFact" */;
			compatibilityVersion = "Xcode 9.3";
			developmentRegion = en;
			hasScannedForEncodings = 0;
			knownRegions = (
				en,
				Base,
			);
			mainGroup = B43ED25E26498096001078EA;
			packageReferences = (
				B4BBAAC22666951E00E42F74 /* XCRemoteSwiftPackageReference "firebase-ios-sdk" */,
			);
			productRefGroup = B43ED26826498096001078EA /* Products */;
			projectDirPath = "";
			projectRoot = "";
			targets = (
				B43ED26626498096001078EA /* RanFact */,
				B43ED27C26498098001078EA /* RanFactTests */,
				B43ED28726498098001078EA /* RanFactUITests */,
			);
		};
/* End PBXProject section */

/* Begin PBXResourcesBuildPhase section */
		B43ED26526498096001078EA /* Resources */ = {
			isa = PBXResourcesBuildPhase;
			buildActionMask = 2147483647;
			files = (
				B4A145F22666A6950014A8F0 /* GoogleService-Info.plist in Resources */,
				B4348F8C264C33200081AE00 /* Assets.xcassets in Resources */,
				B43ED27226498098001078EA /* Preview Assets.xcassets in Resources */,
			);
			runOnlyForDeploymentPostprocessing = 0;
		};
		B43ED27B26498098001078EA /* Resources */ = {
			isa = PBXResourcesBuildPhase;
			buildActionMask = 2147483647;
			files = (
				B4A145F32666A6950014A8F0 /* GoogleService-Info.plist in Resources */,
			);
			runOnlyForDeploymentPostprocessing = 0;
		};
		B43ED28626498098001078EA /* Resources */ = {
			isa = PBXResourcesBuildPhase;
			buildActionMask = 2147483647;
			files = (
			);
			runOnlyForDeploymentPostprocessing = 0;
		};
/* End PBXResourcesBuildPhase section */

/* Begin PBXShellScriptBuildPhase section */
		3D142D3FE0F2DEE714BE2FFD /* [CP] Check Pods Manifest.lock */ = {
			isa = PBXShellScriptBuildPhase;
			buildActionMask = 2147483647;
			files = (
			);
			inputFileListPaths = (
			);
			inputPaths = (
				"${PODS_PODFILE_DIR_PATH}/Podfile.lock",
				"${PODS_ROOT}/Manifest.lock",
			);
			name = "[CP] Check Pods Manifest.lock";
			outputFileListPaths = (
			);
			outputPaths = (
				"$(DERIVED_FILE_DIR)/Pods-RanFact-RanFactUITests-checkManifestLockResult.txt",
			);
			runOnlyForDeploymentPostprocessing = 0;
			shellPath = /bin/sh;
			shellScript = "diff \"${PODS_PODFILE_DIR_PATH}/Podfile.lock\" \"${PODS_ROOT}/Manifest.lock\" > /dev/null\nif [ $? != 0 ] ; then\n    # print error to STDERR\n    echo \"error: The sandbox is not in sync with the Podfile.lock. Run 'pod install' or update your CocoaPods installation.\" >&2\n    exit 1\nfi\n# This output is used by Xcode 'outputs' to avoid re-running this script phase.\necho \"SUCCESS\" > \"${SCRIPT_OUTPUT_FILE_0}\"\n";
			showEnvVarsInLog = 0;
		};
		7996428050310BC721B4E265 /* [CP] Check Pods Manifest.lock */ = {
			isa = PBXShellScriptBuildPhase;
			buildActionMask = 2147483647;
			files = (
			);
			inputFileListPaths = (
			);
			inputPaths = (
				"${PODS_PODFILE_DIR_PATH}/Podfile.lock",
				"${PODS_ROOT}/Manifest.lock",
			);
			name = "[CP] Check Pods Manifest.lock";
			outputFileListPaths = (
			);
			outputPaths = (
				"$(DERIVED_FILE_DIR)/Pods-RanFactTests-checkManifestLockResult.txt",
			);
			runOnlyForDeploymentPostprocessing = 0;
			shellPath = /bin/sh;
			shellScript = "diff \"${PODS_PODFILE_DIR_PATH}/Podfile.lock\" \"${PODS_ROOT}/Manifest.lock\" > /dev/null\nif [ $? != 0 ] ; then\n    # print error to STDERR\n    echo \"error: The sandbox is not in sync with the Podfile.lock. Run 'pod install' or update your CocoaPods installation.\" >&2\n    exit 1\nfi\n# This output is used by Xcode 'outputs' to avoid re-running this script phase.\necho \"SUCCESS\" > \"${SCRIPT_OUTPUT_FILE_0}\"\n";
			showEnvVarsInLog = 0;
		};
		B6CFA3A4158D446867F7712F /* [CP] Check Pods Manifest.lock */ = {
			isa = PBXShellScriptBuildPhase;
			buildActionMask = 2147483647;
			files = (
			);
			inputFileListPaths = (
			);
			inputPaths = (
				"${PODS_PODFILE_DIR_PATH}/Podfile.lock",
				"${PODS_ROOT}/Manifest.lock",
			);
			name = "[CP] Check Pods Manifest.lock";
			outputFileListPaths = (
			);
			outputPaths = (
				"$(DERIVED_FILE_DIR)/Pods-RanFact-checkManifestLockResult.txt",
			);
			runOnlyForDeploymentPostprocessing = 0;
			shellPath = /bin/sh;
			shellScript = "diff \"${PODS_PODFILE_DIR_PATH}/Podfile.lock\" \"${PODS_ROOT}/Manifest.lock\" > /dev/null\nif [ $? != 0 ] ; then\n    # print error to STDERR\n    echo \"error: The sandbox is not in sync with the Podfile.lock. Run 'pod install' or update your CocoaPods installation.\" >&2\n    exit 1\nfi\n# This output is used by Xcode 'outputs' to avoid re-running this script phase.\necho \"SUCCESS\" > \"${SCRIPT_OUTPUT_FILE_0}\"\n";
			showEnvVarsInLog = 0;
		};
/* End PBXShellScriptBuildPhase section */

/* Begin PBXSourcesBuildPhase section */
		B43ED26326498096001078EA /* Sources */ = {
			isa = PBXSourcesBuildPhase;
			buildActionMask = 2147483647;
			files = (
				B43ED27426498098001078EA /* Persistence.swift in Sources */,
				B4348F9126511C8B0081AE00 /* RandomView.swift in Sources */,
				B4252A262688DEF100D2D426 /* DateView.swift in Sources */,
				B4CDF9EB264AD18B00B7EA6B /* YearView.swift in Sources */,
				B4252A242688DA1E00D2D426 /* TriviaView.swift in Sources */,
				B43ED26D26498096001078EA /* ContentView.swift in Sources */,
				B4348F9326511CE80081AE00 /* MathView.swift in Sources */,
				B43ED26B26498096001078EA /* RanFactApp.swift in Sources */,
				B4CDF9E9264AD13400B7EA6B /* MainView.swift in Sources */,
				B43ED27726498098001078EA /* RanFact.xcdatamodeld in Sources */,
				B461BCE6265C022700E9514C /* API.swift in Sources */,
				B461BCE3265B85A400E9514C /* RandomFactModel.swift in Sources */,
				B4348F972651242A0081AE00 /* RandomFactViewModel.swift in Sources */,
				B4FFB7A226526620003E300E /* ShareSheet.swift in Sources */,
			);
			runOnlyForDeploymentPostprocessing = 0;
		};
		B43ED27926498098001078EA /* Sources */ = {
			isa = PBXSourcesBuildPhase;
			buildActionMask = 2147483647;
			files = (
				B43ED28226498098001078EA /* RanFactTests.swift in Sources */,
			);
			runOnlyForDeploymentPostprocessing = 0;
		};
		B43ED28426498098001078EA /* Sources */ = {
			isa = PBXSourcesBuildPhase;
			buildActionMask = 2147483647;
			files = (
				B43ED28D26498098001078EA /* RanFactUITests.swift in Sources */,
			);
			runOnlyForDeploymentPostprocessing = 0;
		};
/* End PBXSourcesBuildPhase section */

/* Begin PBXTargetDependency section */
		B43ED27F26498098001078EA /* PBXTargetDependency */ = {
			isa = PBXTargetDependency;
			target = B43ED26626498096001078EA /* RanFact */;
			targetProxy = B43ED27E26498098001078EA /* PBXContainerItemProxy */;
		};
		B43ED28A26498098001078EA /* PBXTargetDependency */ = {
			isa = PBXTargetDependency;
			target = B43ED26626498096001078EA /* RanFact */;
			targetProxy = B43ED28926498098001078EA /* PBXContainerItemProxy */;
		};
/* End PBXTargetDependency section */

/* Begin XCBuildConfiguration section */
		B43ED28F26498098001078EA /* Debug */ = {
			isa = XCBuildConfiguration;
			buildSettings = {
				ALWAYS_SEARCH_USER_PATHS = NO;
				CLANG_ANALYZER_NONNULL = YES;
				CLANG_ANALYZER_NUMBER_OBJECT_CONVERSION = YES_AGGRESSIVE;
				CLANG_CXX_LANGUAGE_STANDARD = "gnu++14";
				CLANG_CXX_LIBRARY = "libc++";
				CLANG_ENABLE_MODULES = YES;
				CLANG_ENABLE_OBJC_ARC = YES;
				CLANG_ENABLE_OBJC_WEAK = YES;
				CLANG_WARN_BLOCK_CAPTURE_AUTORELEASING = YES;
				CLANG_WARN_BOOL_CONVERSION = YES;
				CLANG_WARN_COMMA = YES;
				CLANG_WARN_CONSTANT_CONVERSION = YES;
				CLANG_WARN_DEPRECATED_OBJC_IMPLEMENTATIONS = YES;
				CLANG_WARN_DIRECT_OBJC_ISA_USAGE = YES_ERROR;
				CLANG_WARN_DOCUMENTATION_COMMENTS = YES;
				CLANG_WARN_EMPTY_BODY = YES;
				CLANG_WARN_ENUM_CONVERSION = YES;
				CLANG_WARN_INFINITE_RECURSION = YES;
				CLANG_WARN_INT_CONVERSION = YES;
				CLANG_WARN_NON_LITERAL_NULL_CONVERSION = YES;
				CLANG_WARN_OBJC_IMPLICIT_RETAIN_SELF = YES;
				CLANG_WARN_OBJC_LITERAL_CONVERSION = YES;
				CLANG_WARN_OBJC_ROOT_CLASS = YES_ERROR;
				CLANG_WARN_QUOTED_INCLUDE_IN_FRAMEWORK_HEADER = YES;
				CLANG_WARN_RANGE_LOOP_ANALYSIS = YES;
				CLANG_WARN_STRICT_PROTOTYPES = YES;
				CLANG_WARN_SUSPICIOUS_MOVE = YES;
				CLANG_WARN_UNGUARDED_AVAILABILITY = YES_AGGRESSIVE;
				CLANG_WARN_UNREACHABLE_CODE = YES;
				CLANG_WARN__DUPLICATE_METHOD_MATCH = YES;
				COPY_PHASE_STRIP = NO;
				DEBUG_INFORMATION_FORMAT = dwarf;
				ENABLE_STRICT_OBJC_MSGSEND = YES;
				ENABLE_TESTABILITY = YES;
				GCC_C_LANGUAGE_STANDARD = gnu11;
				GCC_DYNAMIC_NO_PIC = NO;
				GCC_NO_COMMON_BLOCKS = YES;
				GCC_OPTIMIZATION_LEVEL = 0;
				GCC_PREPROCESSOR_DEFINITIONS = (
					"DEBUG=1",
					"$(inherited)",
				);
				GCC_WARN_64_TO_32_BIT_CONVERSION = YES;
				GCC_WARN_ABOUT_RETURN_TYPE = YES_ERROR;
				GCC_WARN_UNDECLARED_SELECTOR = YES;
				GCC_WARN_UNINITIALIZED_AUTOS = YES_AGGRESSIVE;
				GCC_WARN_UNUSED_FUNCTION = YES;
				GCC_WARN_UNUSED_VARIABLE = YES;
				IPHONEOS_DEPLOYMENT_TARGET = 14.5;
				MTL_ENABLE_DEBUG_INFO = INCLUDE_SOURCE;
				MTL_FAST_MATH = YES;
				ONLY_ACTIVE_ARCH = YES;
				SDKROOT = iphoneos;
				SWIFT_ACTIVE_COMPILATION_CONDITIONS = DEBUG;
				SWIFT_OPTIMIZATION_LEVEL = "-Onone";
			};
			name = Debug;
		};
		B43ED29026498098001078EA /* Release */ = {
			isa = XCBuildConfiguration;
			buildSettings = {
				ALWAYS_SEARCH_USER_PATHS = NO;
				CLANG_ANALYZER_NONNULL = YES;
				CLANG_ANALYZER_NUMBER_OBJECT_CONVERSION = YES_AGGRESSIVE;
				CLANG_CXX_LANGUAGE_STANDARD = "gnu++14";
				CLANG_CXX_LIBRARY = "libc++";
				CLANG_ENABLE_MODULES = YES;
				CLANG_ENABLE_OBJC_ARC = YES;
				CLANG_ENABLE_OBJC_WEAK = YES;
				CLANG_WARN_BLOCK_CAPTURE_AUTORELEASING = YES;
				CLANG_WARN_BOOL_CONVERSION = YES;
				CLANG_WARN_COMMA = YES;
				CLANG_WARN_CONSTANT_CONVERSION = YES;
				CLANG_WARN_DEPRECATED_OBJC_IMPLEMENTATIONS = YES;
				CLANG_WARN_DIRECT_OBJC_ISA_USAGE = YES_ERROR;
				CLANG_WARN_DOCUMENTATION_COMMENTS = YES;
				CLANG_WARN_EMPTY_BODY = YES;
				CLANG_WARN_ENUM_CONVERSION = YES;
				CLANG_WARN_INFINITE_RECURSION = YES;
				CLANG_WARN_INT_CONVERSION = YES;
				CLANG_WARN_NON_LITERAL_NULL_CONVERSION = YES;
				CLANG_WARN_OBJC_IMPLICIT_RETAIN_SELF = YES;
				CLANG_WARN_OBJC_LITERAL_CONVERSION = YES;
				CLANG_WARN_OBJC_ROOT_CLASS = YES_ERROR;
				CLANG_WARN_QUOTED_INCLUDE_IN_FRAMEWORK_HEADER = YES;
				CLANG_WARN_RANGE_LOOP_ANALYSIS = YES;
				CLANG_WARN_STRICT_PROTOTYPES = YES;
				CLANG_WARN_SUSPICIOUS_MOVE = YES;
				CLANG_WARN_UNGUARDED_AVAILABILITY = YES_AGGRESSIVE;
				CLANG_WARN_UNREACHABLE_CODE = YES;
				CLANG_WARN__DUPLICATE_METHOD_MATCH = YES;
				COPY_PHASE_STRIP = NO;
				DEBUG_INFORMATION_FORMAT = "dwarf-with-dsym";
				ENABLE_NS_ASSERTIONS = NO;
				ENABLE_STRICT_OBJC_MSGSEND = YES;
				GCC_C_LANGUAGE_STANDARD = gnu11;
				GCC_NO_COMMON_BLOCKS = YES;
				GCC_WARN_64_TO_32_BIT_CONVERSION = YES;
				GCC_WARN_ABOUT_RETURN_TYPE = YES_ERROR;
				GCC_WARN_UNDECLARED_SELECTOR = YES;
				GCC_WARN_UNINITIALIZED_AUTOS = YES_AGGRESSIVE;
				GCC_WARN_UNUSED_FUNCTION = YES;
				GCC_WARN_UNUSED_VARIABLE = YES;
				IPHONEOS_DEPLOYMENT_TARGET = 14.5;
				MTL_ENABLE_DEBUG_INFO = NO;
				MTL_FAST_MATH = YES;
				SDKROOT = iphoneos;
				SWIFT_COMPILATION_MODE = wholemodule;
				SWIFT_OPTIMIZATION_LEVEL = "-O";
				VALIDATE_PRODUCT = YES;
			};
			name = Release;
		};
		B43ED29226498098001078EA /* Debug */ = {
			isa = XCBuildConfiguration;
			baseConfigurationReference = 25A855B839F61A43B1FF0B94 /* Pods-RanFact.debug.xcconfig */;
			buildSettings = {
				ASSETCATALOG_COMPILER_APPICON_NAME = AppIcon;
				ASSETCATALOG_COMPILER_GLOBAL_ACCENT_COLOR_NAME = AccentColor;
				CODE_SIGN_ENTITLEMENTS = RanFact/RanFact.entitlements;
				CODE_SIGN_STYLE = Automatic;
				DEVELOPMENT_ASSET_PATHS = "\"RanFact/Preview Content\"";
				DEVELOPMENT_TEAM = 6H7H99VYLE;
				ENABLE_PREVIEWS = YES;
				INFOPLIST_FILE = RanFact/Info.plist;
				IPHONEOS_DEPLOYMENT_TARGET = 14.0;
				LD_RUNPATH_SEARCH_PATHS = (
					"$(inherited)",
					"@executable_path/Frameworks",
				);
				PRODUCT_BUNDLE_IDENTIFIER = com.sngkrn.RanFact;
				PRODUCT_NAME = "$(TARGET_NAME)";
				SWIFT_VERSION = 5.0;
				TARGETED_DEVICE_FAMILY = "1,2";
			};
			name = Debug;
		};
		B43ED29326498098001078EA /* Release */ = {
			isa = XCBuildConfiguration;
			baseConfigurationReference = E48EF32670E02DE456F8587B /* Pods-RanFact.release.xcconfig */;
			buildSettings = {
				ASSETCATALOG_COMPILER_APPICON_NAME = AppIcon;
				ASSETCATALOG_COMPILER_GLOBAL_ACCENT_COLOR_NAME = AccentColor;
				CODE_SIGN_ENTITLEMENTS = RanFact/RanFact.entitlements;
				CODE_SIGN_STYLE = Automatic;
				DEVELOPMENT_ASSET_PATHS = "\"RanFact/Preview Content\"";
				DEVELOPMENT_TEAM = 6H7H99VYLE;
				ENABLE_PREVIEWS = YES;
				INFOPLIST_FILE = RanFact/Info.plist;
				IPHONEOS_DEPLOYMENT_TARGET = 14.0;
				LD_RUNPATH_SEARCH_PATHS = (
					"$(inherited)",
					"@executable_path/Frameworks",
				);
				PRODUCT_BUNDLE_IDENTIFIER = com.sngkrn.RanFact;
				PRODUCT_NAME = "$(TARGET_NAME)";
				SWIFT_VERSION = 5.0;
				TARGETED_DEVICE_FAMILY = "1,2";
			};
			name = Release;
		};
		B43ED29526498098001078EA /* Debug */ = {
			isa = XCBuildConfiguration;
			baseConfigurationReference = 5C4BE11DC2CC86C6EC0E7D66 /* Pods-RanFactTests.debug.xcconfig */;
			buildSettings = {
				ALWAYS_EMBED_SWIFT_STANDARD_LIBRARIES = YES;
				BUNDLE_LOADER = "$(TEST_HOST)";
				CODE_SIGN_STYLE = Automatic;
				DEVELOPMENT_TEAM = 6H7H99VYLE;
				INFOPLIST_FILE = RanFactTests/Info.plist;
				IPHONEOS_DEPLOYMENT_TARGET = 14.0;
				LD_RUNPATH_SEARCH_PATHS = (
					"$(inherited)",
					"@executable_path/Frameworks",
					"@loader_path/Frameworks",
				);
				PRODUCT_BUNDLE_IDENTIFIER = com.sngkrn.RanFactTests;
				PRODUCT_NAME = "$(TARGET_NAME)";
				SWIFT_VERSION = 5.0;
				TARGETED_DEVICE_FAMILY = "1,2";
				TEST_HOST = "$(BUILT_PRODUCTS_DIR)/RanFact.app/RanFact";
			};
			name = Debug;
		};
		B43ED29626498098001078EA /* Release */ = {
			isa = XCBuildConfiguration;
			baseConfigurationReference = AF638395CC6EA1B364595957 /* Pods-RanFactTests.release.xcconfig */;
			buildSettings = {
				ALWAYS_EMBED_SWIFT_STANDARD_LIBRARIES = YES;
				BUNDLE_LOADER = "$(TEST_HOST)";
				CODE_SIGN_STYLE = Automatic;
				DEVELOPMENT_TEAM = 6H7H99VYLE;
				INFOPLIST_FILE = RanFactTests/Info.plist;
				IPHONEOS_DEPLOYMENT_TARGET = 14.0;
				LD_RUNPATH_SEARCH_PATHS = (
					"$(inherited)",
					"@executable_path/Frameworks",
					"@loader_path/Frameworks",
				);
				PRODUCT_BUNDLE_IDENTIFIER = com.sngkrn.RanFactTests;
				PRODUCT_NAME = "$(TARGET_NAME)";
				SWIFT_VERSION = 5.0;
				TARGETED_DEVICE_FAMILY = "1,2";
				TEST_HOST = "$(BUILT_PRODUCTS_DIR)/RanFact.app/RanFact";
			};
			name = Release;
		};
		B43ED29826498098001078EA /* Debug */ = {
			isa = XCBuildConfiguration;
			baseConfigurationReference = 20E2057B11290A8F0D60ACE3 /* Pods-RanFact-RanFactUITests.debug.xcconfig */;
			buildSettings = {
				ALWAYS_EMBED_SWIFT_STANDARD_LIBRARIES = YES;
				CODE_SIGN_STYLE = Automatic;
				DEVELOPMENT_TEAM = 6H7H99VYLE;
				INFOPLIST_FILE = RanFactUITests/Info.plist;
				LD_RUNPATH_SEARCH_PATHS = (
					"$(inherited)",
					"@executable_path/Frameworks",
					"@loader_path/Frameworks",
				);
				PRODUCT_BUNDLE_IDENTIFIER = com.sngkrn.RanFactUITests;
				PRODUCT_NAME = "$(TARGET_NAME)";
				SWIFT_VERSION = 5.0;
				TARGETED_DEVICE_FAMILY = "1,2";
				TEST_TARGET_NAME = RanFact;
			};
			name = Debug;
		};
		B43ED29926498098001078EA /* Release */ = {
			isa = XCBuildConfiguration;
			baseConfigurationReference = 39EBCDC57713B0366C86B600 /* Pods-RanFact-RanFactUITests.release.xcconfig */;
			buildSettings = {
				ALWAYS_EMBED_SWIFT_STANDARD_LIBRARIES = YES;
				CODE_SIGN_STYLE = Automatic;
				DEVELOPMENT_TEAM = 6H7H99VYLE;
				INFOPLIST_FILE = RanFactUITests/Info.plist;
				LD_RUNPATH_SEARCH_PATHS = (
					"$(inherited)",
					"@executable_path/Frameworks",
					"@loader_path/Frameworks",
				);
				PRODUCT_BUNDLE_IDENTIFIER = com.sngkrn.RanFactUITests;
				PRODUCT_NAME = "$(TARGET_NAME)";
				SWIFT_VERSION = 5.0;
				TARGETED_DEVICE_FAMILY = "1,2";
				TEST_TARGET_NAME = RanFact;
			};
			name = Release;
		};
/* End XCBuildConfiguration section */

/* Begin XCConfigurationList section */
		B43ED26226498096001078EA /* Build configuration list for PBXProject "RanFact" */ = {
			isa = XCConfigurationList;
			buildConfigurations = (
				B43ED28F26498098001078EA /* Debug */,
				B43ED29026498098001078EA /* Release */,
			);
			defaultConfigurationIsVisible = 0;
			defaultConfigurationName = Release;
		};
		B43ED29126498098001078EA /* Build configuration list for PBXNativeTarget "RanFact" */ = {
			isa = XCConfigurationList;
			buildConfigurations = (
				B43ED29226498098001078EA /* Debug */,
				B43ED29326498098001078EA /* Release */,
			);
			defaultConfigurationIsVisible = 0;
			defaultConfigurationName = Release;
		};
		B43ED29426498098001078EA /* Build configuration list for PBXNativeTarget "RanFactTests" */ = {
			isa = XCConfigurationList;
			buildConfigurations = (
				B43ED29526498098001078EA /* Debug */,
				B43ED29626498098001078EA /* Release */,
			);
			defaultConfigurationIsVisible = 0;
			defaultConfigurationName = Release;
		};
		B43ED29726498098001078EA /* Build configuration list for PBXNativeTarget "RanFactUITests" */ = {
			isa = XCConfigurationList;
			buildConfigurations = (
				B43ED29826498098001078EA /* Debug */,
				B43ED29926498098001078EA /* Release */,
			);
			defaultConfigurationIsVisible = 0;
			defaultConfigurationName = Release;
		};
/* End XCConfigurationList section */

/* Begin XCRemoteSwiftPackageReference section */
		B4BBAAC22666951E00E42F74 /* XCRemoteSwiftPackageReference "firebase-ios-sdk" */ = {
			isa = XCRemoteSwiftPackageReference;
			repositoryURL = "https://github.com/firebase/firebase-ios-sdk.git";
			requirement = {
				kind = upToNextMajorVersion;
				minimumVersion = 8.0.0;
			};
		};
/* End XCRemoteSwiftPackageReference section */

/* Begin XCSwiftPackageProductDependency section */
		B4BBAAC32666951E00E42F74 /* FirebaseMessaging */ = {
			isa = XCSwiftPackageProductDependency;
			package = B4BBAAC22666951E00E42F74 /* XCRemoteSwiftPackageReference "firebase-ios-sdk" */;
			productName = FirebaseMessaging;
		};
/* End XCSwiftPackageProductDependency section */

/* Begin XCVersionGroup section */
		B43ED27526498098001078EA /* RanFact.xcdatamodeld */ = {
			isa = XCVersionGroup;
			children = (
				B43ED27626498098001078EA /* RanFact.xcdatamodel */,
			);
			currentVersion = B43ED27626498098001078EA /* RanFact.xcdatamodel */;
			path = RanFact.xcdatamodeld;
			sourceTree = "<group>";
			versionGroupType = wrapper.xcdatamodel;
		};
/* End XCVersionGroup section */
	};
	rootObject = B43ED25F26498096001078EA /* Project object */;
}
